
Microsoft Visual Studio Solution File, Format Version 12.00
# Visual Studio 15
VisualStudioVersion = 15.0.27703.2042
MinimumVisualStudioVersion = 10.0.40219.1
Project("{FAE04EC0-301F-11D3-BF4B-00C04F79EFBC}") = "TrabalhoCsharp", "TrabalhoCsharp\TrabalhoCsharp.csproj", "{213CA14D-19E5-4BE5-A1C6-C53502EABEFC}"
EndProject
Global
	GlobalSection(SolutionConfigurationPlatforms) = preSolution
		Debug|Any CPU = Debug|Any CPU
		Release|Any CPU = Release|Any CPU
	EndGlobalSection
	GlobalSection(ProjectConfigurationPlatforms) = postSolution
		{213CA14D-19E5-4BE5-A1C6-C53502EABEFC}.Debug|Any CPU.ActiveCfg = Debug|Any CPU
		{213CA14D-19E5-4BE5-A1C6-C53502EABEFC}.Debug|Any CPU.Build.0 = Debug|Any CPU
		{213CA14D-19E5-4BE5-A1C6-C53502EABEFC}.Release|Any CPU.ActiveCfg = Release|Any CPU
		{213CA14D-19E5-4BE5-A1C6-C53502EABEFC}.Release|Any CPU.Build.0 = Release|Any CPU
	EndGlobalSection
	GlobalSection(SolutionProperties) = preSolution
		HideSolutionNode = FALSE
	EndGlobalSection
	GlobalSection(ExtensibilityGlobals) = postSolution
		SolutionGuid = {8FF38E5D-121D-4DEE-985A-6FB3549B4007}
	EndGlobalSection
EndGlobal
